
Microsoft Visual Studio Solution File, Format Version 12.00
# Visual Studio 2012
Project("{FAE04EC0-301F-11D3-BF4B-00C04F79EFBC}") = "LocationTracker", "LocationTracker.csproj", "{291E986D-287B-4109-B3D2-8D818D15A452}"
EndProject
Project("{FAE04EC0-301F-11D3-BF4B-00C04F79EFBC}") = "ObjectsSimulator", "..\ObjectsSimulator\ObjectsSimulator.csproj", "{6BA45658-4A61-43EE-BD65-084A4F0F08BA}"
EndProject
Global
	GlobalSection(SolutionConfigurationPlatforms) = preSolution
		Debug|Any CPU = Debug|Any CPU
		Release|Any CPU = Release|Any CPU
	EndGlobalSection
	GlobalSection(ProjectConfigurationPlatforms) = postSolution
		{291E986D-287B-4109-B3D2-8D818D15A452}.Debug|Any CPU.ActiveCfg = Debug|Any CPU
		{291E986D-287B-4109-B3D2-8D818D15A452}.Debug|Any CPU.Build.0 = Debug|Any CPU
		{291E986D-287B-4109-B3D2-8D818D15A452}.Release|Any CPU.ActiveCfg = Release|Any CPU
		{291E986D-287B-4109-B3D2-8D818D15A452}.Release|Any CPU.Build.0 = Release|Any CPU
		{6BA45658-4A61-43EE-BD65-084A4F0F08BA}.Debug|Any CPU.ActiveCfg = Debug|Any CPU
		{6BA45658-4A61-43EE-BD65-084A4F0F08BA}.Debug|Any CPU.Build.0 = Debug|Any CPU
		{6BA45658-4A61-43EE-BD65-084A4F0F08BA}.Release|Any CPU.ActiveCfg = Release|Any CPU
		{6BA45658-4A61-43EE-BD65-084A4F0F08BA}.Release|Any CPU.Build.0 = Release|Any CPU
	EndGlobalSection
	GlobalSection(SolutionProperties) = preSolution
		HideSolutionNode = FALSE
	EndGlobalSection
	GlobalSection(Performance) = preSolution
		HasPerformanceSessions = true
	EndGlobalSection
EndGlobal
